
Microsoft Visual Studio Solution File, Format Version 12.00
# Visual Studio Version 17
VisualStudioVersion = 17.12.35707.178
MinimumVisualStudioVersion = 10.0.40219.1
Project("{2150E333-8FDC-42A3-9474-1A3956D46DE8}") = "Application", "Application", "{4A7A3C35-E8E0-473C-B07A-3563BF9C0664}"
EndProject
Project("{2150E333-8FDC-42A3-9474-1A3956D46DE8}") = "Domain", "Domain", "{07F0B111-E3BD-4B91-B62F-1CC04D58D5C0}"
EndProject
Project("{2150E333-8FDC-42A3-9474-1A3956D46DE8}") = "Infrastructure", "Infrastructure", "{37B385FC-930C-4DC0-8510-0827EE4C4234}"
EndProject
Project("{2150E333-8FDC-42A3-9474-1A3956D46DE8}") = "Web", "Web", "{19EAA559-24E8-4370-9E56-44F14D41E78E}"
EndProject
Project("{FAE04EC0-301F-11D3-BF4B-00C04F79EFBC}") = "StaffApp.Domain", "Domain\StaffApp.Domain\StaffApp.Domain.csproj", "{7A3101D0-10F2-4D7D-8075-F3746586313A}"
EndProject
Project("{FAE04EC0-301F-11D3-BF4B-00C04F79EFBC}") = "StaffApp.Application", "Application\StaffApp.Application\StaffApp.Application.csproj", "{DA644289-2FE9-49B9-9697-4066FCA95020}"
EndProject
Project("{FAE04EC0-301F-11D3-BF4B-00C04F79EFBC}") = "StaffApp.Infrastructure", "Infrastructure\StaffApp.Infrastructure\StaffApp.Infrastructure.csproj", "{EA2544BA-7FB3-4AE4-84C7-91895897142B}"
EndProject
Project("{FAE04EC0-301F-11D3-BF4B-00C04F79EFBC}") = "StaffApp", "Web\StaffApp\StaffApp.csproj", "{1681FA0C-1B83-417B-A3F4-205857907712}"
EndProject
Global
	GlobalSection(SolutionConfigurationPlatforms) = preSolution
		Debug|Any CPU = Debug|Any CPU
		Release|Any CPU = Release|Any CPU
	EndGlobalSection
	GlobalSection(ProjectConfigurationPlatforms) = postSolution
		{7A3101D0-10F2-4D7D-8075-F3746586313A}.Debug|Any CPU.ActiveCfg = Debug|Any CPU
		{7A3101D0-10F2-4D7D-8075-F3746586313A}.Debug|Any CPU.Build.0 = Debug|Any CPU
		{7A3101D0-10F2-4D7D-8075-F3746586313A}.Release|Any CPU.ActiveCfg = Release|Any CPU
		{7A3101D0-10F2-4D7D-8075-F3746586313A}.Release|Any CPU.Build.0 = Release|Any CPU
		{DA644289-2FE9-49B9-9697-4066FCA95020}.Debug|Any CPU.ActiveCfg = Debug|Any CPU
		{DA644289-2FE9-49B9-9697-4066FCA95020}.Debug|Any CPU.Build.0 = Debug|Any CPU
		{DA644289-2FE9-49B9-9697-4066FCA95020}.Release|Any CPU.ActiveCfg = Release|Any CPU
		{DA644289-2FE9-49B9-9697-4066FCA95020}.Release|Any CPU.Build.0 = Release|Any CPU
		{EA2544BA-7FB3-4AE4-84C7-91895897142B}.Debug|Any CPU.ActiveCfg = Debug|Any CPU
		{EA2544BA-7FB3-4AE4-84C7-91895897142B}.Debug|Any CPU.Build.0 = Debug|Any CPU
		{EA2544BA-7FB3-4AE4-84C7-91895897142B}.Release|Any CPU.ActiveCfg = Release|Any CPU
		{EA2544BA-7FB3-4AE4-84C7-91895897142B}.Release|Any CPU.Build.0 = Release|Any CPU
		{1681FA0C-1B83-417B-A3F4-205857907712}.Debug|Any CPU.ActiveCfg = Debug|Any CPU
		{1681FA0C-1B83-417B-A3F4-205857907712}.Debug|Any CPU.Build.0 = Debug|Any CPU
		{1681FA0C-1B83-417B-A3F4-205857907712}.Release|Any CPU.ActiveCfg = Release|Any CPU
		{1681FA0C-1B83-417B-A3F4-205857907712}.Release|Any CPU.Build.0 = Release|Any CPU
	EndGlobalSection
	GlobalSection(SolutionProperties) = preSolution
		HideSolutionNode = FALSE
	EndGlobalSection
	GlobalSection(NestedProjects) = preSolution
		{7A3101D0-10F2-4D7D-8075-F3746586313A} = {07F0B111-E3BD-4B91-B62F-1CC04D58D5C0}
		{DA644289-2FE9-49B9-9697-4066FCA95020} = {4A7A3C35-E8E0-473C-B07A-3563BF9C0664}
		{EA2544BA-7FB3-4AE4-84C7-91895897142B} = {37B385FC-930C-4DC0-8510-0827EE4C4234}
		{1681FA0C-1B83-417B-A3F4-205857907712} = {19EAA559-24E8-4370-9E56-44F14D41E78E}
	EndGlobalSection
EndGlobal
